// !$*UTF8*$!
{
	archiveVersion = 1;
	classes = {
	};
	objectVersion = 46;
	objects = {

/* Begin PBXBuildFile section */
		A689236E1A2621920027B847 /* AppDelegate.m in Sources */ = {isa = PBXBuildFile; fileRef = A689236D1A2621920027B847 /* AppDelegate.m */; };
		A68923701A2621920027B847 /* main.m in Sources */ = {isa = PBXBuildFile; fileRef = A689236F1A2621920027B847 /* main.m */; };
		A68923731A2621920027B847 /* ViewController.m in Sources */ = {isa = PBXBuildFile; fileRef = A68923721A2621920027B847 /* ViewController.m */; };
		A68923751A2621920027B847 /* Images.xcassets in Resources */ = {isa = PBXBuildFile; fileRef = A68923741A2621920027B847 /* Images.xcassets */; };
		A68923781A2621920027B847 /* Main.storyboard in Resources */ = {isa = PBXBuildFile; fileRef = A68923761A2621920027B847 /* Main.storyboard */; };
		A68923841A2621920027B847 /* WW_ServerTests.m in Sources */ = {isa = PBXBuildFile; fileRef = A68923831A2621920027B847 /* WW_ServerTests.m */; };
/* End PBXBuildFile section */

/* Begin PBXContainerItemProxy section */
		A689237E1A2621920027B847 /* PBXContainerItemProxy */ = {
			isa = PBXContainerItemProxy;
			containerPortal = A689235F1A2621920027B847 /* Project object */;
			proxyType = 1;
			remoteGlobalIDString = A68923661A2621920027B847;
			remoteInfo = WW_Server;
		};
/* End PBXContainerItemProxy section */

/* Begin PBXFileReference section */
		A68923671A2621920027B847 /* WW_Server.app */ = {isa = PBXFileReference; explicitFileType = wrapper.application; includeInIndex = 0; path = WW_Server.app; sourceTree = BUILT_PRODUCTS_DIR; };
		A689236B1A2621920027B847 /* Info.plist */ = {isa = PBXFileReference; lastKnownFileType = text.plist.xml; path = Info.plist; sourceTree = "<group>"; };
		A689236C1A2621920027B847 /* AppDelegate.h */ = {isa = PBXFileReference; lastKnownFileType = sourcecode.c.h; path = AppDelegate.h; sourceTree = "<group>"; };
		A689236D1A2621920027B847 /* AppDelegate.m */ = {isa = PBXFileReference; lastKnownFileType = sourcecode.c.objc; path = AppDelegate.m; sourceTree = "<group>"; };
		A689236F1A2621920027B847 /* main.m */ = {isa = PBXFileReference; lastKnownFileType = sourcecode.c.objc; path = main.m; sourceTree = "<group>"; };
		A68923711A2621920027B847 /* ViewController.h */ = {isa = PBXFileReference; lastKnownFileType = sourcecode.c.h; path = ViewController.h; sourceTree = "<group>"; };
		A68923721A2621920027B847 /* ViewController.m */ = {isa = PBXFileReference; lastKnownFileType = sourcecode.c.objc; path = ViewController.m; sourceTree = "<group>"; };
		A68923741A2621920027B847 /* Images.xcassets */ = {isa = PBXFileReference; lastKnownFileType = folder.assetcatalog; path = Images.xcassets; sourceTree = "<group>"; };
		A68923771A2621920027B847 /* Base */ = {isa = PBXFileReference; lastKnownFileType = file.storyboard; name = Base; path = Base.lproj/Main.storyboard; sourceTree = "<group>"; };
		A689237D1A2621920027B847 /* WW_ServerTests.xctest */ = {isa = PBXFileReference; explicitFileType = wrapper.cfbundle; includeInIndex = 0; path = WW_ServerTests.xctest; sourceTree = BUILT_PRODUCTS_DIR; };
		A68923821A2621920027B847 /* Info.plist */ = {isa = PBXFileReference; lastKnownFileType = text.plist.xml; path = Info.plist; sourceTree = "<group>"; };
		A68923831A2621920027B847 /* WW_ServerTests.m */ = {isa = PBXFileReference; lastKnownFileType = sourcecode.c.objc; path = WW_ServerTests.m; sourceTree = "<group>"; };
/* End PBXFileReference section */

/* Begin PBXFrameworksBuildPhase section */
		A68923641A2621920027B847 /* Frameworks */ = {
			isa = PBXFrameworksBuildPhase;
			buildActionMask = 2147483647;
			files = (
			);
			runOnlyForDeploymentPostprocessing = 0;
		};
		A689237A1A2621920027B847 /* Frameworks */ = {
			isa = PBXFrameworksBuildPhase;
			buildActionMask = 2147483647;
			files = (
			);
			runOnlyForDeploymentPostprocessing = 0;
		};
/* End PBXFrameworksBuildPhase section */

/* Begin PBXGroup section */
		A689235E1A2621920027B847 = {
			isa = PBXGroup;
			children = (
				A68923691A2621920027B847 /* WW_Server */,
				A68923801A2621920027B847 /* WW_ServerTests */,
				A68923681A2621920027B847 /* Products */,
			);
			sourceTree = "<group>";
		};
		A68923681A2621920027B847 /* Products */ = {
			isa = PBXGroup;
			children = (
				A68923671A2621920027B847 /* WW_Server.app */,
				A689237D1A2621920027B847 /* WW_ServerTests.xctest */,
			);
			name = Products;
			sourceTree = "<group>";
		};
		A68923691A2621920027B847 /* WW_Server */ = {
			isa = PBXGroup;
			children = (
				A689236C1A2621920027B847 /* AppDelegate.h */,
				A689236D1A2621920027B847 /* AppDelegate.m */,
				A68923711A2621920027B847 /* ViewController.h */,
				A68923721A2621920027B847 /* ViewController.m */,
				A68923741A2621920027B847 /* Images.xcassets */,
				A68923761A2621920027B847 /* Main.storyboard */,
				A689236A1A2621920027B847 /* Supporting Files */,
			);
			path = WW_Server;
			sourceTree = "<group>";
		};
		A689236A1A2621920027B847 /* Supporting Files */ = {
			isa = PBXGroup;
			children = (
				A689236B1A2621920027B847 /* Info.plist */,
				A689236F1A2621920027B847 /* main.m */,
			);
			name = "Supporting Files";
			sourceTree = "<group>";
		};
		A68923801A2621920027B847 /* WW_ServerTests */ = {
			isa = PBXGroup;
			children = (
				A68923831A2621920027B847 /* WW_ServerTests.m */,
				A68923811A2621920027B847 /* Supporting Files */,
			);
			path = WW_ServerTests;
			sourceTree = "<group>";
		};
		A68923811A2621920027B847 /* Supporting Files */ = {
			isa = PBXGroup;
			children = (
				A68923821A2621920027B847 /* Info.plist */,
			);
			name = "Supporting Files";
			sourceTree = "<group>";
		};
/* End PBXGroup section */

/* Begin PBXNativeTarget section */
		A68923661A2621920027B847 /* WW_Server */ = {
			isa = PBXNativeTarget;
			buildConfigurationList = A68923871A2621920027B847 /* Build configuration list for PBXNativeTarget "WW_Server" */;
			buildPhases = (
				A68923631A2621920027B847 /* Sources */,
				A68923641A2621920027B847 /* Frameworks */,
				A68923651A2621920027B847 /* Resources */,
			);
			buildRules = (
			);
			dependencies = (
			);
			name = WW_Server;
			productName = WW_Server;
			productReference = A68923671A2621920027B847 /* WW_Server.app */;
			productType = "com.apple.product-type.application";
		};
		A689237C1A2621920027B847 /* WW_ServerTests */ = {
			isa = PBXNativeTarget;
			buildConfigurationList = A689238A1A2621920027B847 /* Build configuration list for PBXNativeTarget "WW_ServerTests" */;
			buildPhases = (
				A68923791A2621920027B847 /* Sources */,
				A689237A1A2621920027B847 /* Frameworks */,
				A689237B1A2621920027B847 /* Resources */,
			);
			buildRules = (
			);
			dependencies = (
				A689237F1A2621920027B847 /* PBXTargetDependency */,
			);
			name = WW_ServerTests;
			productName = WW_ServerTests;
			productReference = A689237D1A2621920027B847 /* WW_ServerTests.xctest */;
			productType = "com.apple.product-type.bundle.unit-test";
		};
/* End PBXNativeTarget section */

/* Begin PBXProject section */
		A689235F1A2621920027B847 /* Project object */ = {
			isa = PBXProject;
			attributes = {
				LastUpgradeCheck = 0610;
				ORGANIZATIONNAME = "Veight Zhou";
				TargetAttributes = {
					A68923661A2621920027B847 = {
						CreatedOnToolsVersion = 6.1;
					};
					A689237C1A2621920027B847 = {
						CreatedOnToolsVersion = 6.1;
						TestTargetID = A68923661A2621920027B847;
					};
				};
			};
			buildConfigurationList = A68923621A2621920027B847 /* Build configuration list for PBXProject "WW_Server" */;
			compatibilityVersion = "Xcode 3.2";
			developmentRegion = English;
			hasScannedForEncodings = 0;
			knownRegions = (
				en,
				Base,
			);
			mainGroup = A689235E1A2621920027B847;
			productRefGroup = A68923681A2621920027B847 /* Products */;
			projectDirPath = "";
			projectRoot = "";
			targets = (
				A68923661A2621920027B847 /* WW_Server */,
				A689237C1A2621920027B847 /* WW_ServerTests */,
			);
		};
/* End PBXProject section */

/* Begin PBXResourcesBuildPhase section */
		A68923651A2621920027B847 /* Resources */ = {
			isa = PBXResourcesBuildPhase;
			buildActionMask = 2147483647;
			files = (
				A68923751A2621920027B847 /* Images.xcassets in Resources */,
				A68923781A2621920027B847 /* Main.storyboard in Resources */,
			);
			runOnlyForDeploymentPostprocessing = 0;
		};
		A689237B1A2621920027B847 /* Resources */ = {
			isa = PBXResourcesBuildPhase;
			buildActionMask = 2147483647;
			files = (
			);
			runOnlyForDeploymentPostprocessing = 0;
		};
/* End PBXResourcesBuildPhase section */

/* Begin PBXSourcesBuildPhase section */
		A68923631A2621920027B847 /* Sources */ = {
			isa = PBXSourcesBuildPhase;
			buildActionMask = 2147483647;
			files = (
				A68923731A2621920027B847 /* ViewController.m in Sources */,
				A68923701A2621920027B847 /* main.m in Sources */,
				A689236E1A2621920027B847 /* AppDelegate.m in Sources */,
			);
			runOnlyForDeploymentPostprocessing = 0;
		};
		A68923791A2621920027B847 /* Sources */ = {
			isa = PBXSourcesBuildPhase;
			buildActionMask = 2147483647;
			files = (
				A68923841A2621920027B847 /* WW_ServerTests.m in Sources */,
			);
			runOnlyForDeploymentPostprocessing = 0;
		};
/* End PBXSourcesBuildPhase section */

/* Begin PBXTargetDependency section */
		A689237F1A2621920027B847 /* PBXTargetDependency */ = {
			isa = PBXTargetDependency;
			target = A68923661A2621920027B847 /* WW_Server */;
			targetProxy = A689237E1A2621920027B847 /* PBXContainerItemProxy */;
		};
/* End PBXTargetDependency section */

/* Begin PBXVariantGroup section */
		A68923761A2621920027B847 /* Main.storyboard */ = {
			isa = PBXVariantGroup;
			children = (
				A68923771A2621920027B847 /* Base */,
			);
			name = Main.storyboard;
			sourceTree = "<group>";
		};
/* End PBXVariantGroup section */

/* Begin XCBuildConfiguration section */
		A68923851A2621920027B847 /* Debug */ = {
			isa = XCBuildConfiguration;
			buildSettings = {
				ALWAYS_SEARCH_USER_PATHS = NO;
				CLANG_CXX_LANGUAGE_STANDARD = "gnu++0x";
				CLANG_CXX_LIBRARY = "libc++";
				CLANG_ENABLE_MODULES = YES;
				CLANG_ENABLE_OBJC_ARC = YES;
				CLANG_WARN_BOOL_CONVERSION = YES;
				CLANG_WARN_CONSTANT_CONVERSION = YES;
				CLANG_WARN_DIRECT_OBJC_ISA_USAGE = YES_ERROR;
				CLANG_WARN_EMPTY_BODY = YES;
				CLANG_WARN_ENUM_CONVERSION = YES;
				CLANG_WARN_INT_CONVERSION = YES;
				CLANG_WARN_OBJC_ROOT_CLASS = YES_ERROR;
				CLANG_WARN_UNREACHABLE_CODE = YES;
				CLANG_WARN__DUPLICATE_METHOD_MATCH = YES;
				CODE_SIGN_IDENTITY = "-";
				COPY_PHASE_STRIP = NO;
				ENABLE_STRICT_OBJC_MSGSEND = YES;
				GCC_C_LANGUAGE_STANDARD = gnu99;
				GCC_DYNAMIC_NO_PIC = NO;
				GCC_OPTIMIZATION_LEVEL = 0;
				GCC_PREPROCESSOR_DEFINITIONS = (
					"DEBUG=1",
					"$(inherited)",
				);
				GCC_SYMBOLS_PRIVATE_EXTERN = NO;
				GCC_WARN_64_TO_32_BIT_CONVERSION = YES;
				GCC_WARN_ABOUT_RETURN_TYPE = YES_ERROR;
				GCC_WARN_UNDECLARED_SELECTOR = YES;
				GCC_WARN_UNINITIALIZED_AUTOS = YES_AGGRESSIVE;
				GCC_WARN_UNUSED_FUNCTION = YES;
				GCC_WARN_UNUSED_VARIABLE = YES;
				MACOSX_DEPLOYMENT_TARGET = 10.10;
				MTL_ENABLE_DEBUG_INFO = YES;
				ONLY_ACTIVE_ARCH = YES;
				SDKROOT = macosx;
			};
			name = Debug;
		};
		A68923861A2621920027B847 /* Release */ = {
			isa = XCBuildConfiguration;
			buildSettings = {
				ALWAYS_SEARCH_USER_PATHS = NO;
				CLANG_CXX_LANGUAGE_STANDARD = "gnu++0x";
				CLANG_CXX_LIBRARY = "libc++";
				CLANG_ENABLE_MODULES = YES;
				CLANG_ENABLE_OBJC_ARC = YES;
				CLANG_WARN_BOOL_CONVERSION = YES;
				CLANG_WARN_CONSTANT_CONVERSION = YES;
				CLANG_WARN_DIRECT_OBJC_ISA_USAGE = YES_ERROR;
				CLANG_WARN_EMPTY_BODY = YES;
				CLANG_WARN_ENUM_CONVERSION = YES;
				CLANG_WARN_INT_CONVERSION = YES;
				CLANG_WARN_OBJC_ROOT_CLASS = YES_ERROR;
				CLANG_WARN_UNREACHABLE_CODE = YES;
				CLANG_WARN__DUPLICATE_METHOD_MATCH = YES;
				CODE_SIGN_IDENTITY = "-";
				COPY_PHASE_STRIP = YES;
				DEBUG_INFORMATION_FORMAT = "dwarf-with-dsym";
				ENABLE_NS_ASSERTIONS = NO;
				ENABLE_STRICT_OBJC_MSGSEND = YES;
				GCC_C_LANGUAGE_STANDARD = gnu99;
				GCC_WARN_64_TO_32_BIT_CONVERSION = YES;
				GCC_WARN_ABOUT_RETURN_TYPE = YES_ERROR;
				GCC_WARN_UNDECLARED_SELECTOR = YES;
				GCC_WARN_UNINITIALIZED_AUTOS = YES_AGGRESSIVE;
				GCC_WARN_UNUSED_FUNCTION = YES;
				GCC_WARN_UNUSED_VARIABLE = YES;
				MACOSX_DEPLOYMENT_TARGET = 10.10;
				MTL_ENABLE_DEBUG_INFO = NO;
				SDKROOT = macosx;
			};
			name = Release;
		};
		A68923881A2621920027B847 /* Debug */ = {
			isa = XCBuildConfiguration;
			buildSettings = {
				ASSETCATALOG_COMPILER_APPICON_NAME = AppIcon;
				COMBINE_HIDPI_IMAGES = YES;
				INFOPLIST_FILE = WW_Server/Info.plist;
				LD_RUNPATH_SEARCH_PATHS = "$(inherited) @executable_path/../Frameworks";
				PRODUCT_NAME = "$(TARGET_NAME)";
			};
			name = Debug;
		};
		A68923891A2621920027B847 /* Release */ = {
			isa = XCBuildConfiguration;
			buildSettings = {
				ASSETCATALOG_COMPILER_APPICON_NAME = AppIcon;
				COMBINE_HIDPI_IMAGES = YES;
				INFOPLIST_FILE = WW_Server/Info.plist;
				LD_RUNPATH_SEARCH_PATHS = "$(inherited) @executable_path/../Frameworks";
				PRODUCT_NAME = "$(TARGET_NAME)";
			};
			name = Release;
		};
		A689238B1A2621920027B847 /* Debug */ = {
			isa = XCBuildConfiguration;
			buildSettings = {
				BUNDLE_LOADER = "$(TEST_HOST)";
				COMBINE_HIDPI_IMAGES = YES;
				FRAMEWORK_SEARCH_PATHS = (
					"$(DEVELOPER_FRAMEWORKS_DIR)",
					"$(inherited)",
				);
				GCC_PREPROCESSOR_DEFINITIONS = (
					"DEBUG=1",
					"$(inherited)",
				);
				INFOPLIST_FILE = WW_ServerTests/Info.plist;
				LD_RUNPATH_SEARCH_PATHS = "$(inherited) @executable_path/../Frameworks @loader_path/../Frameworks";
				PRODUCT_NAME = "$(TARGET_NAME)";
				TEST_HOST = "$(BUILT_PRODUCTS_DIR)/WW_Server.app/Contents/MacOS/WW_Server";
			};
			name = Debug;
		};
		A689238C1A2621920027B847 /* Release */ = {
			isa = XCBuildConfiguration;
			buildSettings = {
				BUNDLE_LOADER = "$(TEST_HOST)";
				COMBINE_HIDPI_IMAGES = YES;
				FRAMEWORK_SEARCH_PATHS = (
					"$(DEVELOPER_FRAMEWORKS_DIR)",
					"$(inherited)",
				);
				INFOPLIST_FILE = WW_ServerTests/Info.plist;
				LD_RUNPATH_SEARCH_PATHS = "$(inherited) @executable_path/../Frameworks @loader_path/../Frameworks";
				PRODUCT_NAME = "$(TARGET_NAME)";
				TEST_HOST = "$(BUILT_PRODUCTS_DIR)/WW_Server.app/Contents/MacOS/WW_Server";
			};
			name = Release;
		};
/* End XCBuildConfiguration section */

/* Begin XCConfigurationList section */
		A68923621A2621920027B847 /* Build configuration list for PBXProject "WW_Server" */ = {
			isa = XCConfigurationList;
			buildConfigurations = (
				A68923851A2621920027B847 /* Debug */,
				A68923861A2621920027B847 /* Release */,
			);
			defaultConfigurationIsVisible = 0;
			defaultConfigurationName = Release;
		};
		A68923871A2621920027B847 /* Build configuration list for PBXNativeTarget "WW_Server" */ = {
			isa = XCConfigurationList;
			buildConfigurations = (
				A68923881A2621920027B847 /* Debug */,
				A68923891A2621920027B847 /* Release */,
			);
			defaultConfigurationIsVisible = 0;
		};
		A689238A1A2621920027B847 /* Build configuration list for PBXNativeTarget "WW_ServerTests" */ = {
			isa = XCConfigurationList;
			buildConfigurations = (
				A689238B1A2621920027B847 /* Debug */,
				A689238C1A2621920027B847 /* Release */,
			);
			defaultConfigurationIsVisible = 0;
		};
/* End XCConfigurationList section */
	};
	rootObject = A689235F1A2621920027B847 /* Project object */;
}
